<?xml version="1.0" encoding="utf-8"?>
<Project ToolsVersion="4.0" xmlns="http://schemas.microsoft.com/developer/msbuild/2003">
  <ItemGroup>
    <Filter Include="源文件">
      <UniqueIdentifier>{4FC737F1-C7A5-4376-A066-2A32D752A2FF}</UniqueIdentifier>
      <Extensions>cpp;c;cc;cxx;def;odl;idl;hpj;bat;asm;asmx</Extensions>
    </Filter>
    <Filter Include="头文件">
      <UniqueIdentifier>{93995380-89BD-4b04-88EB-625FBE52EBFB}</UniqueIdentifier>
      <Extensions>h;hh;hpp;hxx;hm;inl;inc;xsd</Extensions>
    </Filter>
    <Filter Include="资源文件">
      <UniqueIdentifier>{67DA6AB6-F800-4c08-8B7A-83BB121AAD01}</UniqueIdentifier>
      <Extensions>rc;ico;cur;bmp;dlg;rc2;rct;bin;rgs;gif;jpg;jpeg;jpe;resx;tiff;tif;png;wav;mfcribbon-ms</Extensions>
    </Filter>
    <Filter Include="头文件\DealCards">
      <UniqueIdentifier>{837dbd66-9bd3-4d9f-9e30-f394d9e4e80b}</UniqueIdentifier>
    </Filter>
    <Filter Include="头文件\HandCards">
      <UniqueIdentifier>{f6a004e3-90d1-43e0-8a66-edd4441e791f}</UniqueIdentifier>
    </Filter>
    <Filter Include="头文件\Robot">
      <UniqueIdentifier>{46335473-fd56-4112-81ba-57bf9c22128d}</UniqueIdentifier>
    </Filter>
    <Filter Include="源文件\DealCards">
      <UniqueIdentifier>{fa1886f5-60fb-49e0-a09d-bfa8707f757d}</UniqueIdentifier>
    </Filter>
    <Filter Include="源文件\HandCards">
      <UniqueIdentifier>{20813b87-c572-471c-b87d-66f898318fe6}</UniqueIdentifier>
    </Filter>
    <Filter Include="头文件\util">
      <UniqueIdentifier>{4b63e2f7-628a-4d57-a14a-6114b86c4b5f}</UniqueIdentifier>
    </Filter>
    <Filter Include="源文件\Robot">
      <UniqueIdentifier>{fb4f4d11-4994-4b4d-a5e5-79fb0cd1fa4d}</UniqueIdentifier>
    </Filter>
    <Filter Include="头文件\Image">
      <UniqueIdentifier>{dbeb9d8c-c491-4f44-8fa6-7d3123877ab7}</UniqueIdentifier>
    </Filter>
    <Filter Include="源文件\Image">
      <UniqueIdentifier>{7cf8d21d-f58e-40c9-bd4d-fee93ef9a6e0}</UniqueIdentifier>
    </Filter>
    <Filter Include="头文件\Robot\Strategy">
      <UniqueIdentifier>{77ae1c8e-ff15-4694-96d7-f5143583faf4}</UniqueIdentifier>
    </Filter>
    <Filter Include="头文件\Robot\Handle">
      <UniqueIdentifier>{e756ca1e-a699-4258-81cf-5eec19ca741c}</UniqueIdentifier>
    </Filter>
    <Filter Include="头文件\Robot\Split">
      <UniqueIdentifier>{8d3b9a59-e120-4706-b13d-0fab39e62cbf}</UniqueIdentifier>
    </Filter>
    <Filter Include="头文件\Robot\Logic">
      <UniqueIdentifier>{d403481a-dcb4-4c6c-b3d1-9563ffb3b62f}</UniqueIdentifier>
    </Filter>
  </ItemGroup>
  <ItemGroup>
    <ClInclude Include="stdafx.h">
      <Filter>头文件</Filter>
    </ClInclude>
    <ClInclude Include="targetver.h">
      <Filter>头文件</Filter>
    </ClInclude>
    <ClInclude Include="CardSet.h">
      <Filter>头文件\DealCards</Filter>
    </ClInclude>
    <ClInclude Include="HandCardsFlag.h">
      <Filter>头文件\HandCards</Filter>
    </ClInclude>
    <ClInclude Include="CardStyle.h">
      <Filter>头文件\HandCards</Filter>
    </ClInclude>
    <ClInclude Include="log.h">
      <Filter>头文件\util</Filter>
    </ClInclude>
    <ClInclude Include="random.h">
      <Filter>头文件\util</Filter>
    </ClInclude>
    <ClInclude Include="common.h">
      <Filter>头文件\util</Filter>
    </ClInclude>
    <ClInclude Include="common_algorithm.h">
      <Filter>头文件\util</Filter>
    </ClInclude>
    <ClInclude Include="Range.h">
      <Filter>头文件\util</Filter>
    </ClInclude>
    <ClInclude Include="DecorateDealStrategy.h">
      <Filter>头文件\DealCards</Filter>
    </ClInclude>
    <ClInclude Include="OptimizedCard.h">
      <Filter>头文件\DealCards</Filter>
    </ClInclude>
    <ClInclude Include="HandCards.h">
      <Filter>头文件\HandCards</Filter>
    </ClInclude>
    <ClInclude Include="CardConst.h">
      <Filter>头文件</Filter>
    </ClInclude>
    <ClInclude Include="Recorder.h">
      <Filter>头文件\HandCards</Filter>
    </ClInclude>
    <ClInclude Include="SplitStrategy.h">
      <Filter>源文件\Robot</Filter>
    </ClInclude>
    <ClInclude Include="resource.h">
      <Filter>头文件</Filter>
    </ClInclude>
    <ClInclude Include="OpenCVEntry.h">
      <Filter>头文件\Image</Filter>
    </ClInclude>
    <ClInclude Include="common_windows.h">
      <Filter>头文件\util</Filter>
    </ClInclude>
    <ClInclude Include="LordPlayStrategy.h">
      <Filter>头文件\Robot\Strategy</Filter>
    </ClInclude>
    <ClInclude Include="MinStepSplitStrategy.h">
      <Filter>头文件\Robot\Split</Filter>
    </ClInclude>
    <ClInclude Include="SplitType.h">
      <Filter>头文件\Robot\Split</Filter>
    </ClInclude>
    <ClInclude Include="PlayStrategyBase.h">
      <Filter>头文件\Robot\Strategy</Filter>
    </ClInclude>
    <ClInclude Include="PlayStrategyHandle.h">
      <Filter>头文件\Robot\Handle</Filter>
    </ClInclude>
    <ClInclude Include="SplitStrategyBase.h">
      <Filter>头文件\Robot\Split</Filter>
    </ClInclude>
    <ClInclude Include="Farmer1PlayerStrategy.h">
      <Filter>头文件\Robot\Strategy</Filter>
    </ClInclude>
    <ClInclude Include="Farmer2PlayerStrategy.h">
      <Filter>头文件\Robot\Strategy</Filter>
    </ClInclude>
    <ClInclude Include="GameTable.h">
      <Filter>头文件\Robot</Filter>
    </ClInclude>
    <ClInclude Include="HandleMinValuePlay.h">
      <Filter>头文件\Robot\Handle</Filter>
    </ClInclude>
    <ClInclude Include="HandleTwoStepPlay.h">
      <Filter>头文件\Robot\Handle</Filter>
    </ClInclude>
    <ClInclude Include="HandleCanTake.h">
      <Filter>头文件\Robot\Handle</Filter>
    </ClInclude>
    <ClInclude Include="HandleCanOptimiumTake.h">
      <Filter>头文件\Robot\Handle</Filter>
    </ClInclude>
    <ClInclude Include="HandleAvoidOtherWinPlay.h">
      <Filter>头文件\Robot\Handle</Filter>
    </ClInclude>
    <ClInclude Include="HandleLastShotPlay.h">
      <Filter>头文件\Robot\Handle</Filter>
    </ClInclude>
    <ClInclude Include="PriorityTakeSplitStrategy.h">
      <Filter>头文件\Robot\Split</Filter>
    </ClInclude>
    <ClInclude Include="HandleBoomTake.h">
      <Filter>头文件\Robot\Handle</Filter>
    </ClInclude>
    <ClInclude Include="TakeCardSplitStrategy.h">
      <Filter>头文件\Robot\Split</Filter>
    </ClInclude>
    <ClInclude Include="HandleNotTake.h">
      <Filter>头文件\Robot\Handle</Filter>
    </ClInclude>
    <ClInclude Include="SmoothCard.h">
      <Filter>头文件\DealCards</Filter>
    </ClInclude>
    <ClInclude Include="HandleResult.h">
      <Filter>头文件\Robot\Logic</Filter>
    </ClInclude>
    <ClInclude Include="HandleLetFarmer2WinPlay.h">
      <Filter>头文件\Robot\Handle</Filter>
    </ClInclude>
  </ItemGroup>
  <ItemGroup>
    <ClCompile Include="stdafx.cpp">
      <Filter>源文件</Filter>
    </ClCompile>
    <ClCompile Include="DDZ_AI.cpp">
      <Filter>源文件</Filter>
    </ClCompile>
    <ClCompile Include="CardSet.cpp">
      <Filter>源文件\DealCards</Filter>
    </ClCompile>
    <ClCompile Include="HandCardsFlag.cpp">
      <Filter>源文件\HandCards</Filter>
    </ClCompile>
    <ClCompile Include="HandCards.cpp">
      <Filter>源文件\HandCards</Filter>
    </ClCompile>
    <ClCompile Include="CardStyle.cpp">
      <Filter>源文件\HandCards</Filter>
    </ClCompile>
    <ClCompile Include="DecorateDealStrategy.cpp">
      <Filter>源文件\DealCards</Filter>
    </ClCompile>
    <ClCompile Include="OptimizedCard.cpp">
      <Filter>源文件\DealCards</Filter>
    </ClCompile>
    <ClCompile Include="SplitType.cpp">
      <Filter>源文件\Robot</Filter>
    </ClCompile>
    <ClCompile Include="CardConst.cpp">
      <Filter>源文件</Filter>
    </ClCompile>
    <ClCompile Include="Recorder.cpp">
      <Filter>源文件\HandCards</Filter>
    </ClCompile>
    <ClCompile Include="SplitStrategyBase.cpp">
      <Filter>源文件\Robot</Filter>
    </ClCompile>
    <ClCompile Include="MinStepSplitStrategy.cpp">
      <Filter>源文件\Robot</Filter>
    </ClCompile>
    <ClCompile Include="SplitStrategy.cpp">
      <Filter>源文件\Robot</Filter>
    </ClCompile>
    <ClCompile Include="OpenCVEntry.cpp">
      <Filter>源文件\Image</Filter>
    </ClCompile>
    <ClCompile Include="LordPlayStrategy.cpp">
      <Filter>源文件\Robot</Filter>
    </ClCompile>
    <ClCompile Include="PlayStrategyBase.cpp">
      <Filter>源文件\Robot</Filter>
    </ClCompile>
    <ClCompile Include="Farmer1PlayerStrategy.cpp">
      <Filter>源文件\Robot</Filter>
    </ClCompile>
    <ClCompile Include="Farmer2PlayerStrategy.cpp">
      <Filter>源文件\Robot</Filter>
    </ClCompile>
    <ClCompile Include="GameTable.cpp">
      <Filter>源文件\Robot</Filter>
    </ClCompile>
    <ClCompile Include="PlayStrategyHandle.cpp">
      <Filter>源文件\Robot</Filter>
    </ClCompile>
    <ClCompile Include="TakeCardSplitStrategy.cpp">
      <Filter>源文件\Robot</Filter>
    </ClCompile>
    <ClCompile Include="HandleCanOptimiumTake.cpp">
      <Filter>源文件\Robot</Filter>
    </ClCompile>
    <ClCompile Include="HandleCanTake.cpp">
      <Filter>源文件\Robot</Filter>
    </ClCompile>
    <ClCompile Include="HandleMinValuePlay.cpp">
      <Filter>源文件\Robot</Filter>
    </ClCompile>
    <ClCompile Include="HandleTwoStepPlay.cpp">
      <Filter>源文件\Robot</Filter>
    </ClCompile>
    <ClCompile Include="HandleLastShotPlay.cpp">
      <Filter>源文件\Robot</Filter>
    </ClCompile>
    <ClCompile Include="PriorityTakeSplitStrategy.cpp">
      <Filter>源文件</Filter>
    </ClCompile>
    <ClCompile Include="HandleAvoidOtherWinPlay.cpp">
      <Filter>源文件\Robot</Filter>
    </ClCompile>
    <ClCompile Include="HandleBoomTake.cpp">
      <Filter>源文件\Robot</Filter>
    </ClCompile>
    <ClCompile Include="HandleNotTake.cpp">
      <Filter>源文件\Robot</Filter>
    </ClCompile>
    <ClCompile Include="SmoothCard.cpp">
      <Filter>源文件\DealCards</Filter>
    </ClCompile>
    <ClCompile Include="HandleResult.cpp">
      <Filter>源文件</Filter>
    </ClCompile>
    <ClCompile Include="HandleLetFarmer2WinPlay.cpp">
      <Filter>源文件\Robot</Filter>
    </ClCompile>
  </ItemGroup>
  <ItemGroup>
    <ResourceCompile Include="DDZ_AI.rc">
      <Filter>资源文件</Filter>
    </ResourceCompile>
  </ItemGroup>
</Project>